
Microsoft Visual Studio Solution File, Format Version 12.00
# Visual Studio Version 17
VisualStudioVersion = 17.11.35222.181
MinimumVisualStudioVersion = 10.0.40219.1
Project("{FAE04EC0-301F-11D3-BF4B-00C04F79EFBC}") = "ListaDeComprasApi", "ListaDeComprasApi\ListaDeComprasApi.csproj", "{B3B1B9BD-7ED9-4F2E-BD91-85E2B05F0F7F}"
EndProject
Global
	GlobalSection(SolutionConfigurationPlatforms) = preSolution
		Debug|Any CPU = Debug|Any CPU
		Release|Any CPU = Release|Any CPU
	EndGlobalSection
	GlobalSection(ProjectConfigurationPlatforms) = postSolution
		{B3B1B9BD-7ED9-4F2E-BD91-85E2B05F0F7F}.Debug|Any CPU.ActiveCfg = Debug|Any CPU
		{B3B1B9BD-7ED9-4F2E-BD91-85E2B05F0F7F}.Debug|Any CPU.Build.0 = Debug|Any CPU
		{B3B1B9BD-7ED9-4F2E-BD91-85E2B05F0F7F}.Release|Any CPU.ActiveCfg = Release|Any CPU
		{B3B1B9BD-7ED9-4F2E-BD91-85E2B05F0F7F}.Release|Any CPU.Build.0 = Release|Any CPU
	EndGlobalSection
	GlobalSection(SolutionProperties) = preSolution
		HideSolutionNode = FALSE
	EndGlobalSection
	GlobalSection(ExtensibilityGlobals) = postSolution
		SolutionGuid = {711294C4-0D43-4C92-A690-2B5E443D96A5}
	EndGlobalSection
EndGlobal
